
Microsoft Visual Studio Solution File, Format Version 12.00
# Visual Studio Version 16
VisualStudioVersion = 16.0.31025.194
MinimumVisualStudioVersion = 10.0.40219.1
Project("{FAE04EC0-301F-11D3-BF4B-00C04F79EFBC}") = "WebApp1", "WebApp1\WebApp1.csproj", "{68E83288-20E2-4C34-A425-2E774F6D053D}"
EndProject
Global
	GlobalSection(SolutionConfigurationPlatforms) = preSolution
		Debug|Any CPU = Debug|Any CPU
		Release|Any CPU = Release|Any CPU
	EndGlobalSection
	GlobalSection(ProjectConfigurationPlatforms) = postSolution
		{68E83288-20E2-4C34-A425-2E774F6D053D}.Debug|Any CPU.ActiveCfg = Debug|Any CPU
		{68E83288-20E2-4C34-A425-2E774F6D053D}.Debug|Any CPU.Build.0 = Debug|Any CPU
		{68E83288-20E2-4C34-A425-2E774F6D053D}.Release|Any CPU.ActiveCfg = Release|Any CPU
		{68E83288-20E2-4C34-A425-2E774F6D053D}.Release|Any CPU.Build.0 = Release|Any CPU
	EndGlobalSection
	GlobalSection(SolutionProperties) = preSolution
		HideSolutionNode = FALSE
	EndGlobalSection
	GlobalSection(ExtensibilityGlobals) = postSolution
		SolutionGuid = {2F277177-8777-45C0-BE4E-355231414043}
	EndGlobalSection
EndGlobal
